
Microsoft Visual Studio Solution File, Format Version 11.00
# Visual Studio 2010
Project("{FAE04EC0-301F-11D3-BF4B-00C04F79EFBC}") = "Assembly-CSharp", "Assembly-CSharp.csproj", "{c46a05a1-dfce-3550-a855-5072bece0024}"
EndProject
Project("{FAE04EC0-301F-11D3-BF4B-00C04F79EFBC}") = "Assembly-CSharp-Editor", "Assembly-CSharp-Editor.csproj", "{0a21cf2f-f762-78d7-d0ac-f93236946fe6}"
EndProject
Global
	GlobalSection(SolutionConfigurationPlatforms) = preSolution
		Debug|Any CPU = Debug|Any CPU
	EndGlobalSection
	GlobalSection(ProjectConfigurationPlatforms) = postSolution
		{c46a05a1-dfce-3550-a855-5072bece0024}.Debug|Any CPU.ActiveCfg = Debug|Any CPU
		{c46a05a1-dfce-3550-a855-5072bece0024}.Debug|Any CPU.Build.0 = Debug|Any CPU
		{0a21cf2f-f762-78d7-d0ac-f93236946fe6}.Debug|Any CPU.ActiveCfg = Debug|Any CPU
		{0a21cf2f-f762-78d7-d0ac-f93236946fe6}.Debug|Any CPU.Build.0 = Debug|Any CPU
	EndGlobalSection
	GlobalSection(SolutionProperties) = preSolution
		HideSolutionNode = FALSE
	EndGlobalSection
EndGlobal
